
Microsoft Visual Studio Solution File, Format Version 12.00
# Visual Studio Version 17
VisualStudioVersion = 17.6.33829.357
MinimumVisualStudioVersion = 10.0.40219.1
Project("{9A19103F-16F7-4668-BE54-9A1E7A4F7556}") = "Benchmark", "Benchmark\Benchmark.csproj", "{2676C10E-46DB-49DF-9E55-83FFA0C9518B}"
EndProject
Project("{FAE04EC0-301F-11D3-BF4B-00C04F79EFBC}") = "SharedLibrary", "SharedLibrary\SharedLibrary.csproj", "{CDD7AE3B-B53F-4EAA-A651-276AF1A7AEDE}"
EndProject
Global
	GlobalSection(SolutionConfigurationPlatforms) = preSolution
		Debug|Any CPU = Debug|Any CPU
		Release|Any CPU = Release|Any CPU
	EndGlobalSection
	GlobalSection(ProjectConfigurationPlatforms) = postSolution
		{2676C10E-46DB-49DF-9E55-83FFA0C9518B}.Debug|Any CPU.ActiveCfg = Debug|Any CPU
		{2676C10E-46DB-49DF-9E55-83FFA0C9518B}.Debug|Any CPU.Build.0 = Debug|Any CPU
		{2676C10E-46DB-49DF-9E55-83FFA0C9518B}.Release|Any CPU.ActiveCfg = Release|Any CPU
		{2676C10E-46DB-49DF-9E55-83FFA0C9518B}.Release|Any CPU.Build.0 = Release|Any CPU
		{CDD7AE3B-B53F-4EAA-A651-276AF1A7AEDE}.Debug|Any CPU.ActiveCfg = Debug|Any CPU
		{CDD7AE3B-B53F-4EAA-A651-276AF1A7AEDE}.Debug|Any CPU.Build.0 = Debug|Any CPU
		{CDD7AE3B-B53F-4EAA-A651-276AF1A7AEDE}.Release|Any CPU.ActiveCfg = Release|Any CPU
		{CDD7AE3B-B53F-4EAA-A651-276AF1A7AEDE}.Release|Any CPU.Build.0 = Release|Any CPU
	EndGlobalSection
	GlobalSection(SolutionProperties) = preSolution
		HideSolutionNode = FALSE
	EndGlobalSection
	GlobalSection(ExtensibilityGlobals) = postSolution
		SolutionGuid = {4CCD7EE3-1965-4945-A1DC-06A7FC4D5A40}
	EndGlobalSection
EndGlobal
